
Microsoft Visual Studio Solution File, Format Version 12.00
Project("{FAE04EC0-301F-11D3-BF4B-00C04F79EFBC}") = "Assently.Samples.DotnetCore", "Assently.Samples.DotnetCore.csproj", "{4C5E25C1-4364-4AEB-B89B-DCE18494863A}"
EndProject
Global
	GlobalSection(SolutionConfigurationPlatforms) = preSolution
		Debug|Any CPU = Debug|Any CPU
		Release|Any CPU = Release|Any CPU
	EndGlobalSection
	GlobalSection(ProjectConfigurationPlatforms) = postSolution
		{4C5E25C1-4364-4AEB-B89B-DCE18494863A}.Debug|Any CPU.ActiveCfg = Debug|Any CPU
		{4C5E25C1-4364-4AEB-B89B-DCE18494863A}.Debug|Any CPU.Build.0 = Debug|Any CPU
		{4C5E25C1-4364-4AEB-B89B-DCE18494863A}.Release|Any CPU.ActiveCfg = Release|Any CPU
		{4C5E25C1-4364-4AEB-B89B-DCE18494863A}.Release|Any CPU.Build.0 = Release|Any CPU
	EndGlobalSection
EndGlobal
